
Microsoft Visual Studio Solution File, Format Version 12.00
# Visual Studio 2013
VisualStudioVersion = 12.0.31101.0
MinimumVisualStudioVersion = 10.0.40219.1
Project("{FAE04EC0-301F-11D3-BF4B-00C04F79EFBC}") = "JSend.WebApi", "src\JSend.WebApi\JSend.WebApi.csproj", "{CD0034A9-B940-4D53-B349-575196C2E87E}"
EndProject
Project("{FAE04EC0-301F-11D3-BF4B-00C04F79EFBC}") = "JSend.WebApi.Tests", "tests\JSend.WebApi.Tests\JSend.WebApi.Tests.csproj", "{59CE72D8-84AF-4214-BF08-965F5A785EF2}"
EndProject
Project("{2150E333-8FDC-42A3-9474-1A3956D46DE8}") = ".nuget", ".nuget", "{F473C46A-3DDA-47E1-B421-99F57C3EF307}"
	ProjectSection(SolutionItems) = preProject
		.nuget\NuGet.Config = .nuget\NuGet.Config
		.nuget\NuGet.targets = .nuget\NuGet.targets
	EndProjectSection
EndProject
Project("{2150E333-8FDC-42A3-9474-1A3956D46DE8}") = "Solution Items", "Solution Items", "{1CD7FE24-4065-40B3-8CD4-A3CFFB98D8DC}"
	ProjectSection(SolutionItems) = preProject
		build.cmd = build.cmd
		build.fsx = build.fsx
		build.sh = build.sh
		src\JSend.Client.nuspec = src\JSend.Client.nuspec
		src\JSend.WebApi.nuspec = src\JSend.WebApi.nuspec
		README.md = README.md
	EndProjectSection
EndProject
Project("{FAE04EC0-301F-11D3-BF4B-00C04F79EFBC}") = "JSend.WebApi.FunctionalTests", "tests\JSend.WebApi.FunctionalTests\JSend.WebApi.FunctionalTests.csproj", "{7EADD390-1BB0-425D-AC4C-D0CE78140321}"
EndProject
Project("{FAE04EC0-301F-11D3-BF4B-00C04F79EFBC}") = "JSend.Client", "src\JSend.Client\JSend.Client.csproj", "{89E073C5-994A-4F52-9FF8-3FA4407EF73C}"
EndProject
Global
	GlobalSection(SolutionConfigurationPlatforms) = preSolution
		Debug|Any CPU = Debug|Any CPU
		Release|Any CPU = Release|Any CPU
	EndGlobalSection
	GlobalSection(ProjectConfigurationPlatforms) = postSolution
		{CD0034A9-B940-4D53-B349-575196C2E87E}.Debug|Any CPU.ActiveCfg = Debug|Any CPU
		{CD0034A9-B940-4D53-B349-575196C2E87E}.Debug|Any CPU.Build.0 = Debug|Any CPU
		{CD0034A9-B940-4D53-B349-575196C2E87E}.Release|Any CPU.ActiveCfg = Release|Any CPU
		{CD0034A9-B940-4D53-B349-575196C2E87E}.Release|Any CPU.Build.0 = Release|Any CPU
		{59CE72D8-84AF-4214-BF08-965F5A785EF2}.Debug|Any CPU.ActiveCfg = Debug|Any CPU
		{59CE72D8-84AF-4214-BF08-965F5A785EF2}.Debug|Any CPU.Build.0 = Debug|Any CPU
		{59CE72D8-84AF-4214-BF08-965F5A785EF2}.Release|Any CPU.ActiveCfg = Release|Any CPU
		{59CE72D8-84AF-4214-BF08-965F5A785EF2}.Release|Any CPU.Build.0 = Release|Any CPU
		{7EADD390-1BB0-425D-AC4C-D0CE78140321}.Debug|Any CPU.ActiveCfg = Debug|Any CPU
		{7EADD390-1BB0-425D-AC4C-D0CE78140321}.Debug|Any CPU.Build.0 = Debug|Any CPU
		{7EADD390-1BB0-425D-AC4C-D0CE78140321}.Release|Any CPU.ActiveCfg = Release|Any CPU
		{7EADD390-1BB0-425D-AC4C-D0CE78140321}.Release|Any CPU.Build.0 = Release|Any CPU
		{89E073C5-994A-4F52-9FF8-3FA4407EF73C}.Debug|Any CPU.ActiveCfg = Debug|Any CPU
		{89E073C5-994A-4F52-9FF8-3FA4407EF73C}.Debug|Any CPU.Build.0 = Debug|Any CPU
		{89E073C5-994A-4F52-9FF8-3FA4407EF73C}.Release|Any CPU.ActiveCfg = Release|Any CPU
		{89E073C5-994A-4F52-9FF8-3FA4407EF73C}.Release|Any CPU.Build.0 = Release|Any CPU
	EndGlobalSection
	GlobalSection(SolutionProperties) = preSolution
		HideSolutionNode = FALSE
	EndGlobalSection
EndGlobal
