
Microsoft Visual Studio Solution File, Format Version 12.00
# Visual Studio 2013
VisualStudioVersion = 12.0.30723.0
MinimumVisualStudioVersion = 10.0.40219.1
Project("{FAE04EC0-301F-11D3-BF4B-00C04F79EFBC}") = "JSendWebApi", "src\JSendWebApi\JSendWebApi.csproj", "{CD0034A9-B940-4D53-B349-575196C2E87E}"
EndProject
Project("{FAE04EC0-301F-11D3-BF4B-00C04F79EFBC}") = "JSendWebApi.Tests", "tests\JSendWebApi.Tests\JSendWebApi.Tests.csproj", "{59CE72D8-84AF-4214-BF08-965F5A785EF2}"
EndProject
Global
	GlobalSection(SolutionConfigurationPlatforms) = preSolution
		Debug|Any CPU = Debug|Any CPU
		Release|Any CPU = Release|Any CPU
	EndGlobalSection
	GlobalSection(ProjectConfigurationPlatforms) = postSolution
		{CD0034A9-B940-4D53-B349-575196C2E87E}.Debug|Any CPU.ActiveCfg = Debug|Any CPU
		{CD0034A9-B940-4D53-B349-575196C2E87E}.Debug|Any CPU.Build.0 = Debug|Any CPU
		{CD0034A9-B940-4D53-B349-575196C2E87E}.Release|Any CPU.ActiveCfg = Release|Any CPU
		{CD0034A9-B940-4D53-B349-575196C2E87E}.Release|Any CPU.Build.0 = Release|Any CPU
		{59CE72D8-84AF-4214-BF08-965F5A785EF2}.Debug|Any CPU.ActiveCfg = Debug|Any CPU
		{59CE72D8-84AF-4214-BF08-965F5A785EF2}.Debug|Any CPU.Build.0 = Debug|Any CPU
		{59CE72D8-84AF-4214-BF08-965F5A785EF2}.Release|Any CPU.ActiveCfg = Release|Any CPU
		{59CE72D8-84AF-4214-BF08-965F5A785EF2}.Release|Any CPU.Build.0 = Release|Any CPU
	EndGlobalSection
	GlobalSection(SolutionProperties) = preSolution
		HideSolutionNode = FALSE
	EndGlobalSection
EndGlobal
